%{
  "tz": {:hex, :tz, "0.22.0", "a7dd1e228d0f5ab18e8edeafffe733b5445b60666ef962501ad50542ae7d8db4", [:mix], [{:castore, "~> 0.1", [hex: :castore, repo: "hexpm", optional: true]}, {:mint, "~> 1.4", [hex: :mint, repo: "hexpm", optional: true]}], "hexpm", "b043a6e7740dbc3ed4fc50c3c3ee5e3976b3eceddf11a8b9a0a467adb49cc1e3"},
}
