%{
  "tz": {:hex, :tz, "0.20.1", "6909937c50095206bd0084db0d3f93ca6ef06b269af7521bf23a1d6491c35736", [:mix], [{:castore, "~> 0.1.11", [hex: :castore, repo: "hexpm", optional: true]}, {:mint, "~> 1.4", [hex: :mint, repo: "hexpm", optional: true]}], "hexpm", "355a63968e1b31f9a8c0615e8840cc48779448cb91784c35a0c2e5f7ec8fe6f0"},
}
